
Microsoft Visual Studio Solution File, Format Version 12.00
# Visual Studio Version 16
VisualStudioVersion = 16.0.28922.388
MinimumVisualStudioVersion = 10.0.40219.1
Project("{9A19103F-16F7-4668-BE54-9A1E7A4F7556}") = "StrategyPattern", "StrategyPattern\StrategyPattern.csproj", "{A612B4E1-F46D-4DDD-81AB-9982A680DB60}"
EndProject
Project("{9A19103F-16F7-4668-BE54-9A1E7A4F7556}") = "ObserverPattern", "ObserverPattern\ObserverPattern.csproj", "{419ACC6B-10DD-4C6D-8894-958632328E77}"
EndProject
Project("{9A19103F-16F7-4668-BE54-9A1E7A4F7556}") = "FactoryPattern", "FactoryPattern\FactoryPattern.csproj", "{6627FB8A-20F4-4A13-9DFA-55FF18C7C4BC}"
EndProject
Project("{9A19103F-16F7-4668-BE54-9A1E7A4F7556}") = "SingletonPattern", "SingletonPattern\SingletonPattern.csproj", "{3503941F-8DD7-4A63-BE26-F699BDBE849A}"
EndProject
Project("{9A19103F-16F7-4668-BE54-9A1E7A4F7556}") = "AdapterPattern", "AdapterPattern\AdapterPattern.csproj", "{DEEA5D0B-C5F6-4C27-B3DC-DDF4AEDADA5B}"
EndProject
Project("{9A19103F-16F7-4668-BE54-9A1E7A4F7556}") = "DecoratorPattern", "DecoratorPattern\DecoratorPattern.csproj", "{104AFBA5-5445-4034-BCE1-D660932214CF}"
EndProject
Project("{FAE04EC0-301F-11D3-BF4B-00C04F79EFBC}") = "CommandPattern", "CommandPattern\CommandPattern.csproj", "{72478AD1-0276-4011-9159-D32C41C62094}"
EndProject
Project("{FAE04EC0-301F-11D3-BF4B-00C04F79EFBC}") = "FacadePattern", "FacadePattern\FacadePattern.csproj", "{3585BBD5-6F8B-4488-96B5-72264ADC0A2D}"
EndProject
Global
	GlobalSection(SolutionConfigurationPlatforms) = preSolution
		Debug|Any CPU = Debug|Any CPU
		Release|Any CPU = Release|Any CPU
	EndGlobalSection
	GlobalSection(ProjectConfigurationPlatforms) = postSolution
		{A612B4E1-F46D-4DDD-81AB-9982A680DB60}.Debug|Any CPU.ActiveCfg = Debug|Any CPU
		{A612B4E1-F46D-4DDD-81AB-9982A680DB60}.Debug|Any CPU.Build.0 = Debug|Any CPU
		{A612B4E1-F46D-4DDD-81AB-9982A680DB60}.Release|Any CPU.ActiveCfg = Release|Any CPU
		{A612B4E1-F46D-4DDD-81AB-9982A680DB60}.Release|Any CPU.Build.0 = Release|Any CPU
		{419ACC6B-10DD-4C6D-8894-958632328E77}.Debug|Any CPU.ActiveCfg = Debug|Any CPU
		{419ACC6B-10DD-4C6D-8894-958632328E77}.Debug|Any CPU.Build.0 = Debug|Any CPU
		{419ACC6B-10DD-4C6D-8894-958632328E77}.Release|Any CPU.ActiveCfg = Release|Any CPU
		{419ACC6B-10DD-4C6D-8894-958632328E77}.Release|Any CPU.Build.0 = Release|Any CPU
		{6627FB8A-20F4-4A13-9DFA-55FF18C7C4BC}.Debug|Any CPU.ActiveCfg = Debug|Any CPU
		{6627FB8A-20F4-4A13-9DFA-55FF18C7C4BC}.Debug|Any CPU.Build.0 = Debug|Any CPU
		{6627FB8A-20F4-4A13-9DFA-55FF18C7C4BC}.Release|Any CPU.ActiveCfg = Release|Any CPU
		{6627FB8A-20F4-4A13-9DFA-55FF18C7C4BC}.Release|Any CPU.Build.0 = Release|Any CPU
		{3503941F-8DD7-4A63-BE26-F699BDBE849A}.Debug|Any CPU.ActiveCfg = Debug|Any CPU
		{3503941F-8DD7-4A63-BE26-F699BDBE849A}.Debug|Any CPU.Build.0 = Debug|Any CPU
		{3503941F-8DD7-4A63-BE26-F699BDBE849A}.Release|Any CPU.ActiveCfg = Release|Any CPU
		{3503941F-8DD7-4A63-BE26-F699BDBE849A}.Release|Any CPU.Build.0 = Release|Any CPU
		{DEEA5D0B-C5F6-4C27-B3DC-DDF4AEDADA5B}.Debug|Any CPU.ActiveCfg = Debug|Any CPU
		{DEEA5D0B-C5F6-4C27-B3DC-DDF4AEDADA5B}.Debug|Any CPU.Build.0 = Debug|Any CPU
		{DEEA5D0B-C5F6-4C27-B3DC-DDF4AEDADA5B}.Release|Any CPU.ActiveCfg = Release|Any CPU
		{DEEA5D0B-C5F6-4C27-B3DC-DDF4AEDADA5B}.Release|Any CPU.Build.0 = Release|Any CPU
		{104AFBA5-5445-4034-BCE1-D660932214CF}.Debug|Any CPU.ActiveCfg = Debug|Any CPU
		{104AFBA5-5445-4034-BCE1-D660932214CF}.Debug|Any CPU.Build.0 = Debug|Any CPU
		{104AFBA5-5445-4034-BCE1-D660932214CF}.Release|Any CPU.ActiveCfg = Release|Any CPU
		{104AFBA5-5445-4034-BCE1-D660932214CF}.Release|Any CPU.Build.0 = Release|Any CPU
		{72478AD1-0276-4011-9159-D32C41C62094}.Debug|Any CPU.ActiveCfg = Debug|Any CPU
		{72478AD1-0276-4011-9159-D32C41C62094}.Debug|Any CPU.Build.0 = Debug|Any CPU
		{72478AD1-0276-4011-9159-D32C41C62094}.Release|Any CPU.ActiveCfg = Release|Any CPU
		{72478AD1-0276-4011-9159-D32C41C62094}.Release|Any CPU.Build.0 = Release|Any CPU
		{3585BBD5-6F8B-4488-96B5-72264ADC0A2D}.Debug|Any CPU.ActiveCfg = Debug|Any CPU
		{3585BBD5-6F8B-4488-96B5-72264ADC0A2D}.Debug|Any CPU.Build.0 = Debug|Any CPU
		{3585BBD5-6F8B-4488-96B5-72264ADC0A2D}.Release|Any CPU.ActiveCfg = Release|Any CPU
		{3585BBD5-6F8B-4488-96B5-72264ADC0A2D}.Release|Any CPU.Build.0 = Release|Any CPU
	EndGlobalSection
	GlobalSection(SolutionProperties) = preSolution
		HideSolutionNode = FALSE
	EndGlobalSection
	GlobalSection(ExtensibilityGlobals) = postSolution
		SolutionGuid = {3B1ED40C-91B6-4314-A3C1-36FD5F101D33}
	EndGlobalSection
EndGlobal
