
Microsoft Visual Studio Solution File, Format Version 12.00
# Visual Studio Version 16
VisualStudioVersion = 16.0.28922.388
MinimumVisualStudioVersion = 10.0.40219.1
Project("{9A19103F-16F7-4668-BE54-9A1E7A4F7556}") = "StrategyPattern", "StrategyPattern\StrategyPattern.csproj", "{A612B4E1-F46D-4DDD-81AB-9982A680DB60}"
EndProject
Project("{9A19103F-16F7-4668-BE54-9A1E7A4F7556}") = "ObserverPattern", "ObserverPattern\ObserverPattern.csproj", "{419ACC6B-10DD-4C6D-8894-958632328E77}"
EndProject
Project("{9A19103F-16F7-4668-BE54-9A1E7A4F7556}") = "FactoryPattern", "FactoryPattern\FactoryPattern.csproj", "{6627FB8A-20F4-4A13-9DFA-55FF18C7C4BC}"
EndProject
Project("{9A19103F-16F7-4668-BE54-9A1E7A4F7556}") = "SingletonPattern", "SingletonPattern\SingletonPattern.csproj", "{3503941F-8DD7-4A63-BE26-F699BDBE849A}"
EndProject
Project("{9A19103F-16F7-4668-BE54-9A1E7A4F7556}") = "AdapterPattern", "AdapterPattern\AdapterPattern.csproj", "{DEEA5D0B-C5F6-4C27-B3DC-DDF4AEDADA5B}"
EndProject
Project("{9A19103F-16F7-4668-BE54-9A1E7A4F7556}") = "DecoratorPattern", "DecoratorPattern\DecoratorPattern.csproj", "{104AFBA5-5445-4034-BCE1-D660932214CF}"
EndProject
Project("{9A19103F-16F7-4668-BE54-9A1E7A4F7556}") = "CommandPattern", "CommandPattern\CommandPattern.csproj", "{72478AD1-0276-4011-9159-D32C41C62094}"
EndProject
Project("{9A19103F-16F7-4668-BE54-9A1E7A4F7556}") = "FacadePattern", "FacadePattern\FacadePattern.csproj", "{3585BBD5-6F8B-4488-96B5-72264ADC0A2D}"
EndProject
Project("{FAE04EC0-301F-11D3-BF4B-00C04F79EFBC}") = "TemplatePattern", "TemplatePattern\TemplatePattern.csproj", "{B0591465-89F1-425D-94D2-2167D1414E52}"
EndProject
Project("{FAE04EC0-301F-11D3-BF4B-00C04F79EFBC}") = "IteratorPattern", "IteratorPattern\IteratorPattern.csproj", "{CA190EFD-5438-4572-BE71-A5A3EE8DAB06}"
EndProject
Project("{FAE04EC0-301F-11D3-BF4B-00C04F79EFBC}") = "CompositePattern", "CompositePattern\CompositePattern.csproj", "{73AE7819-A921-4E09-9B13-57457F0E4215}"
EndProject
Project("{FAE04EC0-301F-11D3-BF4B-00C04F79EFBC}") = "StatePattern", "StatePattern\StatePattern.csproj", "{03CFA6D1-CAF4-463F-996B-4543F5CE3F79}"
EndProject
Global
	GlobalSection(SolutionConfigurationPlatforms) = preSolution
		Debug|Any CPU = Debug|Any CPU
		Release|Any CPU = Release|Any CPU
	EndGlobalSection
	GlobalSection(ProjectConfigurationPlatforms) = postSolution
		{A612B4E1-F46D-4DDD-81AB-9982A680DB60}.Debug|Any CPU.ActiveCfg = Debug|Any CPU
		{A612B4E1-F46D-4DDD-81AB-9982A680DB60}.Debug|Any CPU.Build.0 = Debug|Any CPU
		{A612B4E1-F46D-4DDD-81AB-9982A680DB60}.Release|Any CPU.ActiveCfg = Release|Any CPU
		{A612B4E1-F46D-4DDD-81AB-9982A680DB60}.Release|Any CPU.Build.0 = Release|Any CPU
		{419ACC6B-10DD-4C6D-8894-958632328E77}.Debug|Any CPU.ActiveCfg = Debug|Any CPU
		{419ACC6B-10DD-4C6D-8894-958632328E77}.Debug|Any CPU.Build.0 = Debug|Any CPU
		{419ACC6B-10DD-4C6D-8894-958632328E77}.Release|Any CPU.ActiveCfg = Release|Any CPU
		{419ACC6B-10DD-4C6D-8894-958632328E77}.Release|Any CPU.Build.0 = Release|Any CPU
		{6627FB8A-20F4-4A13-9DFA-55FF18C7C4BC}.Debug|Any CPU.ActiveCfg = Debug|Any CPU
		{6627FB8A-20F4-4A13-9DFA-55FF18C7C4BC}.Debug|Any CPU.Build.0 = Debug|Any CPU
		{6627FB8A-20F4-4A13-9DFA-55FF18C7C4BC}.Release|Any CPU.ActiveCfg = Release|Any CPU
		{6627FB8A-20F4-4A13-9DFA-55FF18C7C4BC}.Release|Any CPU.Build.0 = Release|Any CPU
		{3503941F-8DD7-4A63-BE26-F699BDBE849A}.Debug|Any CPU.ActiveCfg = Debug|Any CPU
		{3503941F-8DD7-4A63-BE26-F699BDBE849A}.Debug|Any CPU.Build.0 = Debug|Any CPU
		{3503941F-8DD7-4A63-BE26-F699BDBE849A}.Release|Any CPU.ActiveCfg = Release|Any CPU
		{3503941F-8DD7-4A63-BE26-F699BDBE849A}.Release|Any CPU.Build.0 = Release|Any CPU
		{DEEA5D0B-C5F6-4C27-B3DC-DDF4AEDADA5B}.Debug|Any CPU.ActiveCfg = Debug|Any CPU
		{DEEA5D0B-C5F6-4C27-B3DC-DDF4AEDADA5B}.Debug|Any CPU.Build.0 = Debug|Any CPU
		{DEEA5D0B-C5F6-4C27-B3DC-DDF4AEDADA5B}.Release|Any CPU.ActiveCfg = Release|Any CPU
		{DEEA5D0B-C5F6-4C27-B3DC-DDF4AEDADA5B}.Release|Any CPU.Build.0 = Release|Any CPU
		{104AFBA5-5445-4034-BCE1-D660932214CF}.Debug|Any CPU.ActiveCfg = Debug|Any CPU
		{104AFBA5-5445-4034-BCE1-D660932214CF}.Debug|Any CPU.Build.0 = Debug|Any CPU
		{104AFBA5-5445-4034-BCE1-D660932214CF}.Release|Any CPU.ActiveCfg = Release|Any CPU
		{104AFBA5-5445-4034-BCE1-D660932214CF}.Release|Any CPU.Build.0 = Release|Any CPU
		{72478AD1-0276-4011-9159-D32C41C62094}.Debug|Any CPU.ActiveCfg = Debug|Any CPU
		{72478AD1-0276-4011-9159-D32C41C62094}.Debug|Any CPU.Build.0 = Debug|Any CPU
		{72478AD1-0276-4011-9159-D32C41C62094}.Release|Any CPU.ActiveCfg = Release|Any CPU
		{72478AD1-0276-4011-9159-D32C41C62094}.Release|Any CPU.Build.0 = Release|Any CPU
		{3585BBD5-6F8B-4488-96B5-72264ADC0A2D}.Debug|Any CPU.ActiveCfg = Debug|Any CPU
		{3585BBD5-6F8B-4488-96B5-72264ADC0A2D}.Debug|Any CPU.Build.0 = Debug|Any CPU
		{3585BBD5-6F8B-4488-96B5-72264ADC0A2D}.Release|Any CPU.ActiveCfg = Release|Any CPU
		{3585BBD5-6F8B-4488-96B5-72264ADC0A2D}.Release|Any CPU.Build.0 = Release|Any CPU
		{B0591465-89F1-425D-94D2-2167D1414E52}.Debug|Any CPU.ActiveCfg = Debug|Any CPU
		{B0591465-89F1-425D-94D2-2167D1414E52}.Debug|Any CPU.Build.0 = Debug|Any CPU
		{B0591465-89F1-425D-94D2-2167D1414E52}.Release|Any CPU.ActiveCfg = Release|Any CPU
		{B0591465-89F1-425D-94D2-2167D1414E52}.Release|Any CPU.Build.0 = Release|Any CPU
		{CA190EFD-5438-4572-BE71-A5A3EE8DAB06}.Debug|Any CPU.ActiveCfg = Debug|Any CPU
		{CA190EFD-5438-4572-BE71-A5A3EE8DAB06}.Debug|Any CPU.Build.0 = Debug|Any CPU
		{CA190EFD-5438-4572-BE71-A5A3EE8DAB06}.Release|Any CPU.ActiveCfg = Release|Any CPU
		{CA190EFD-5438-4572-BE71-A5A3EE8DAB06}.Release|Any CPU.Build.0 = Release|Any CPU
		{73AE7819-A921-4E09-9B13-57457F0E4215}.Debug|Any CPU.ActiveCfg = Debug|Any CPU
		{73AE7819-A921-4E09-9B13-57457F0E4215}.Debug|Any CPU.Build.0 = Debug|Any CPU
		{73AE7819-A921-4E09-9B13-57457F0E4215}.Release|Any CPU.ActiveCfg = Release|Any CPU
		{73AE7819-A921-4E09-9B13-57457F0E4215}.Release|Any CPU.Build.0 = Release|Any CPU
		{03CFA6D1-CAF4-463F-996B-4543F5CE3F79}.Debug|Any CPU.ActiveCfg = Debug|Any CPU
		{03CFA6D1-CAF4-463F-996B-4543F5CE3F79}.Debug|Any CPU.Build.0 = Debug|Any CPU
		{03CFA6D1-CAF4-463F-996B-4543F5CE3F79}.Release|Any CPU.ActiveCfg = Release|Any CPU
		{03CFA6D1-CAF4-463F-996B-4543F5CE3F79}.Release|Any CPU.Build.0 = Release|Any CPU
	EndGlobalSection
	GlobalSection(SolutionProperties) = preSolution
		HideSolutionNode = FALSE
	EndGlobalSection
	GlobalSection(ExtensibilityGlobals) = postSolution
		SolutionGuid = {3B1ED40C-91B6-4314-A3C1-36FD5F101D33}
	EndGlobalSection
EndGlobal
